
Microsoft Visual Studio Solution File, Format Version 12.00
# Visual Studio Version 17
VisualStudioVersion = 17.12.35514.174 d17.12
MinimumVisualStudioVersion = 10.0.40219.1
Project("{FAE04EC0-301F-11D3-BF4B-00C04F79EFBC}") = "TransactionService", "TransactionService.csproj", "{51F78184-1C9C-4E62-9D41-379C18F7BFA5}"
EndProject
Global
	GlobalSection(SolutionConfigurationPlatforms) = preSolution
		Debug|Any CPU = Debug|Any CPU
		Release|Any CPU = Release|Any CPU
	EndGlobalSection
	GlobalSection(ProjectConfigurationPlatforms) = postSolution
		{51F78184-1C9C-4E62-9D41-379C18F7BFA5}.Debug|Any CPU.ActiveCfg = Debug|Any CPU
		{51F78184-1C9C-4E62-9D41-379C18F7BFA5}.Debug|Any CPU.Build.0 = Debug|Any CPU
		{51F78184-1C9C-4E62-9D41-379C18F7BFA5}.Release|Any CPU.ActiveCfg = Release|Any CPU
		{51F78184-1C9C-4E62-9D41-379C18F7BFA5}.Release|Any CPU.Build.0 = Release|Any CPU
	EndGlobalSection
	GlobalSection(SolutionProperties) = preSolution
		HideSolutionNode = FALSE
	EndGlobalSection
EndGlobal
